{
  "name": "@mvh-co/asyncapi-rust-template",
  "version": "1.0.0",
  "lockfileVersion": 3,
  "requires": true,
  "packages": {
    "": {
      "name": "@mvh-co/asyncapi-rust-template",
      "version": "1.0.0",
      "dependencies": {
        "rust-template-filters": "file:./filters"
      }
    },
    "filters": {},
    "node_modules/rust-template-filters": {
      "resolved": "filters",
      "link": true
    }
  }
}
